
Microsoft Visual Studio Solution File, Format Version 12.00
# Visual Studio 2012
Project("{FAE04EC0-301F-11D3-BF4B-00C04F79EFBC}") = "CowPuzzle", "CowPuzzle\CowPuzzle.csproj", "{C15BDEFA-75D2-4D4C-A4E9-2951682171A0}"
EndProject
Project("{FAE04EC0-301F-11D3-BF4B-00C04F79EFBC}") = "BuildCombinations", "BuildCombinations\BuildCombinations.csproj", "{17ED6DC7-ACAD-4897-85D4-716CEF071993}"
EndProject
Project("{FAE04EC0-301F-11D3-BF4B-00C04F79EFBC}") = "RecursionTest", "RecursionTest\RecursionTest.csproj", "{89992A17-1F84-4A04-AC87-2D95DB7ECA10}"
EndProject
Global
	GlobalSection(SolutionConfigurationPlatforms) = preSolution
		Debug|Any CPU = Debug|Any CPU
		Release|Any CPU = Release|Any CPU
	EndGlobalSection
	GlobalSection(ProjectConfigurationPlatforms) = postSolution
		{C15BDEFA-75D2-4D4C-A4E9-2951682171A0}.Debug|Any CPU.ActiveCfg = Debug|Any CPU
		{C15BDEFA-75D2-4D4C-A4E9-2951682171A0}.Debug|Any CPU.Build.0 = Debug|Any CPU
		{C15BDEFA-75D2-4D4C-A4E9-2951682171A0}.Release|Any CPU.ActiveCfg = Release|Any CPU
		{C15BDEFA-75D2-4D4C-A4E9-2951682171A0}.Release|Any CPU.Build.0 = Release|Any CPU
		{17ED6DC7-ACAD-4897-85D4-716CEF071993}.Debug|Any CPU.ActiveCfg = Debug|Any CPU
		{17ED6DC7-ACAD-4897-85D4-716CEF071993}.Debug|Any CPU.Build.0 = Debug|Any CPU
		{17ED6DC7-ACAD-4897-85D4-716CEF071993}.Release|Any CPU.ActiveCfg = Release|Any CPU
		{17ED6DC7-ACAD-4897-85D4-716CEF071993}.Release|Any CPU.Build.0 = Release|Any CPU
		{89992A17-1F84-4A04-AC87-2D95DB7ECA10}.Debug|Any CPU.ActiveCfg = Debug|Any CPU
		{89992A17-1F84-4A04-AC87-2D95DB7ECA10}.Debug|Any CPU.Build.0 = Debug|Any CPU
		{89992A17-1F84-4A04-AC87-2D95DB7ECA10}.Release|Any CPU.ActiveCfg = Release|Any CPU
		{89992A17-1F84-4A04-AC87-2D95DB7ECA10}.Release|Any CPU.Build.0 = Release|Any CPU
	EndGlobalSection
	GlobalSection(SolutionProperties) = preSolution
		HideSolutionNode = FALSE
	EndGlobalSection
EndGlobal
